{
  "name": "node-sqlite",
  "version": "1.0.0",
  "lockfileVersion": 1,
  "requires": true,
  "dependencies": {
    "blubird": {
      "version": "0.0.1-security",
      "resolved": "https://registry.npmjs.org/blubird/-/blubird-0.0.1-security.tgz",
      "integrity": "sha512-OVUIoArjxXSBf23otl/RDoPGvyZlNPephYK6hA4y14r9fwK5EnRPMzztPah8ao3/s+pdsoJrlWRZw8HICXttng=="
    },
    "sqlite": {
      "version": "4.0.11",
      "resolved": "https://registry.npmjs.org/sqlite/-/sqlite-4.0.11.tgz",
      "integrity": "sha512-EmihResKgw+me3IkuZB6pTRIPdKp78PH/93U/0qOwLaUwzk2iN4d8LAb23OZ/a3f/rgi0al2PlgkyyN+D4VoRg=="
    }
  }
}
